
Microsoft Visual Studio Solution File, Format Version 12.00
# Visual Studio Version 16
VisualStudioVersion = 16.0.31112.23
MinimumVisualStudioVersion = 10.0.40219.1
Project("{9A19103F-16F7-4668-BE54-9A1E7A4F7556}") = "NLayer.Core", "NLayer.Core\NLayer.Core.csproj", "{0031E3C5-274A-46CC-ACB5-9A5E920ACD59}"
EndProject
Project("{9A19103F-16F7-4668-BE54-9A1E7A4F7556}") = "NLayer.Repository", "NLayer.Repository\NLayer.Repository.csproj", "{5BF8E18B-06AB-4D83-AE23-8965E5E48D46}"
EndProject
Project("{9A19103F-16F7-4668-BE54-9A1E7A4F7556}") = "NLayer.Service", "NLayer.Service\NLayer.Service.csproj", "{F4AF4128-5A39-4484-B328-12BB74202DBB}"
EndProject
Project("{FAE04EC0-301F-11D3-BF4B-00C04F79EFBC}") = "NLayer.API", "NLayer.API\NLayer.API.csproj", "{8193DB0E-6AB2-41CE-9617-646984FE8F08}"
EndProject
Project("{9A19103F-16F7-4668-BE54-9A1E7A4F7556}") = "NLayer.Web", "NLayer.Web\NLayer.Web.csproj", "{A2D538D7-B74F-4E97-B541-56E6C840FAB6}"
EndProject
Project("{9A19103F-16F7-4668-BE54-9A1E7A4F7556}") = "NLayer.Caching", "NLayer.Caching\NLayer.Caching.csproj", "{A5EEF384-F1CE-4BC6-B58A-EDD7756B4F64}"
EndProject
Project("{2150E333-8FDC-42A3-9474-1A3956D46DE8}") = "Solution Items", "Solution Items", "{EFED8D45-6CAD-4CE6-8D44-2422055DD8CA}"
	ProjectSection(SolutionItems) = preProject
		Ports.txt = Ports.txt
	EndProjectSection
EndProject
Global
	GlobalSection(SolutionConfigurationPlatforms) = preSolution
		Debug|Any CPU = Debug|Any CPU
		Release|Any CPU = Release|Any CPU
	EndGlobalSection
	GlobalSection(ProjectConfigurationPlatforms) = postSolution
		{0031E3C5-274A-46CC-ACB5-9A5E920ACD59}.Debug|Any CPU.ActiveCfg = Debug|Any CPU
		{0031E3C5-274A-46CC-ACB5-9A5E920ACD59}.Debug|Any CPU.Build.0 = Debug|Any CPU
		{0031E3C5-274A-46CC-ACB5-9A5E920ACD59}.Release|Any CPU.ActiveCfg = Release|Any CPU
		{0031E3C5-274A-46CC-ACB5-9A5E920ACD59}.Release|Any CPU.Build.0 = Release|Any CPU
		{5BF8E18B-06AB-4D83-AE23-8965E5E48D46}.Debug|Any CPU.ActiveCfg = Debug|Any CPU
		{5BF8E18B-06AB-4D83-AE23-8965E5E48D46}.Debug|Any CPU.Build.0 = Debug|Any CPU
		{5BF8E18B-06AB-4D83-AE23-8965E5E48D46}.Release|Any CPU.ActiveCfg = Release|Any CPU
		{5BF8E18B-06AB-4D83-AE23-8965E5E48D46}.Release|Any CPU.Build.0 = Release|Any CPU
		{F4AF4128-5A39-4484-B328-12BB74202DBB}.Debug|Any CPU.ActiveCfg = Debug|Any CPU
		{F4AF4128-5A39-4484-B328-12BB74202DBB}.Debug|Any CPU.Build.0 = Debug|Any CPU
		{F4AF4128-5A39-4484-B328-12BB74202DBB}.Release|Any CPU.ActiveCfg = Release|Any CPU
		{F4AF4128-5A39-4484-B328-12BB74202DBB}.Release|Any CPU.Build.0 = Release|Any CPU
		{8193DB0E-6AB2-41CE-9617-646984FE8F08}.Debug|Any CPU.ActiveCfg = Debug|Any CPU
		{8193DB0E-6AB2-41CE-9617-646984FE8F08}.Debug|Any CPU.Build.0 = Debug|Any CPU
		{8193DB0E-6AB2-41CE-9617-646984FE8F08}.Release|Any CPU.ActiveCfg = Release|Any CPU
		{8193DB0E-6AB2-41CE-9617-646984FE8F08}.Release|Any CPU.Build.0 = Release|Any CPU
		{A2D538D7-B74F-4E97-B541-56E6C840FAB6}.Debug|Any CPU.ActiveCfg = Debug|Any CPU
		{A2D538D7-B74F-4E97-B541-56E6C840FAB6}.Debug|Any CPU.Build.0 = Debug|Any CPU
		{A2D538D7-B74F-4E97-B541-56E6C840FAB6}.Release|Any CPU.ActiveCfg = Release|Any CPU
		{A2D538D7-B74F-4E97-B541-56E6C840FAB6}.Release|Any CPU.Build.0 = Release|Any CPU
		{A5EEF384-F1CE-4BC6-B58A-EDD7756B4F64}.Debug|Any CPU.ActiveCfg = Debug|Any CPU
		{A5EEF384-F1CE-4BC6-B58A-EDD7756B4F64}.Debug|Any CPU.Build.0 = Debug|Any CPU
		{A5EEF384-F1CE-4BC6-B58A-EDD7756B4F64}.Release|Any CPU.ActiveCfg = Release|Any CPU
		{A5EEF384-F1CE-4BC6-B58A-EDD7756B4F64}.Release|Any CPU.Build.0 = Release|Any CPU
	EndGlobalSection
	GlobalSection(SolutionProperties) = preSolution
		HideSolutionNode = FALSE
	EndGlobalSection
	GlobalSection(ExtensibilityGlobals) = postSolution
		SolutionGuid = {64E98900-49DA-4990-8EBE-120CDB51D644}
	EndGlobalSection
EndGlobal
